
Microsoft Visual Studio Solution File, Format Version 12.00
# Visual Studio 15
VisualStudioVersion = 15.0.28307.168
MinimumVisualStudioVersion = 10.0.40219.1
Project("{FAE04EC0-301F-11D3-BF4B-00C04F79EFBC}") = "Vasconcellos.Crypt", "Vasconcellos.Crypt\Vasconcellos.Crypt.csproj", "{354E1715-5BC8-41B5-A1F7-280556A9D5F8}"
EndProject
Project("{FAE04EC0-301F-11D3-BF4B-00C04F79EFBC}") = "CryptTestConsole", "CryptTestConsole\CryptTestConsole.csproj", "{AEDD7AE7-3B76-42C8-A786-6C68D95CAEC0}"
EndProject
Global
	GlobalSection(SolutionConfigurationPlatforms) = preSolution
		Debug|Any CPU = Debug|Any CPU
		Release|Any CPU = Release|Any CPU
	EndGlobalSection
	GlobalSection(ProjectConfigurationPlatforms) = postSolution
		{354E1715-5BC8-41B5-A1F7-280556A9D5F8}.Debug|Any CPU.ActiveCfg = Debug|Any CPU
		{354E1715-5BC8-41B5-A1F7-280556A9D5F8}.Debug|Any CPU.Build.0 = Debug|Any CPU
		{354E1715-5BC8-41B5-A1F7-280556A9D5F8}.Release|Any CPU.ActiveCfg = Release|Any CPU
		{354E1715-5BC8-41B5-A1F7-280556A9D5F8}.Release|Any CPU.Build.0 = Release|Any CPU
		{AEDD7AE7-3B76-42C8-A786-6C68D95CAEC0}.Debug|Any CPU.ActiveCfg = Debug|Any CPU
		{AEDD7AE7-3B76-42C8-A786-6C68D95CAEC0}.Debug|Any CPU.Build.0 = Debug|Any CPU
		{AEDD7AE7-3B76-42C8-A786-6C68D95CAEC0}.Release|Any CPU.ActiveCfg = Release|Any CPU
		{AEDD7AE7-3B76-42C8-A786-6C68D95CAEC0}.Release|Any CPU.Build.0 = Release|Any CPU
	EndGlobalSection
	GlobalSection(SolutionProperties) = preSolution
		HideSolutionNode = FALSE
	EndGlobalSection
	GlobalSection(ExtensibilityGlobals) = postSolution
		SolutionGuid = {B9EC7561-23AE-45AB-881B-6B8BFE16FC9B}
	EndGlobalSection
EndGlobal
